
Microsoft Visual Studio Solution File, Format Version 12.00
Project("{FAE04EC0-301F-11D3-BF4B-00C04F79EFBC}") = "NetVue", "NetVue\NetVue.csproj", "{7ADF2452-0F3D-48F1-B460-D8D23C1AB72B}"
EndProject
Global
	GlobalSection(SolutionConfigurationPlatforms) = preSolution
		Debug|Any CPU = Debug|Any CPU
		Release|Any CPU = Release|Any CPU
	EndGlobalSection
	GlobalSection(ProjectConfigurationPlatforms) = postSolution
		{7ADF2452-0F3D-48F1-B460-D8D23C1AB72B}.Debug|Any CPU.ActiveCfg = Debug|Any CPU
		{7ADF2452-0F3D-48F1-B460-D8D23C1AB72B}.Debug|Any CPU.Build.0 = Debug|Any CPU
		{7ADF2452-0F3D-48F1-B460-D8D23C1AB72B}.Release|Any CPU.ActiveCfg = Release|Any CPU
		{7ADF2452-0F3D-48F1-B460-D8D23C1AB72B}.Release|Any CPU.Build.0 = Release|Any CPU
	EndGlobalSection
EndGlobal
