
Microsoft Visual Studio Solution File, Format Version 12.00
Project("{FAE04EC0-301F-11D3-BF4B-00C04F79EFBC}") = "NetVue", "NetVue\NetVue.csproj", "{7ADF2452-0F3D-48F1-B460-D8D23C1AB72B}"
EndProject
Project("{FAE04EC0-301F-11D3-BF4B-00C04F79EFBC}") = "Model", "Model\Model.csproj", "{E4687353-560E-434B-92CD-C79563285C63}"
EndProject
Project("{FAE04EC0-301F-11D3-BF4B-00C04F79EFBC}") = "IDAL", "IDAL\IDAL.csproj", "{5D0E9322-21F8-4000-A799-1BADC6304EB1}"
EndProject
Project("{FAE04EC0-301F-11D3-BF4B-00C04F79EFBC}") = "IBAL", "IBAL\IBAL.csproj", "{68B41440-587D-4A4A-801E-62898007B2C3}"
EndProject
Project("{FAE04EC0-301F-11D3-BF4B-00C04F79EFBC}") = "DAL", "DAL\DAL.csproj", "{634F501C-2E02-4FBD-BAAC-10032866EC2B}"
EndProject
Project("{FAE04EC0-301F-11D3-BF4B-00C04F79EFBC}") = "BAL", "BAL\BAL.csproj", "{9567A4D3-E2AF-489A-8620-DFFD6A68672E}"
EndProject
Global
	GlobalSection(SolutionConfigurationPlatforms) = preSolution
		Debug|Any CPU = Debug|Any CPU
		Release|Any CPU = Release|Any CPU
	EndGlobalSection
	GlobalSection(ProjectConfigurationPlatforms) = postSolution
		{7ADF2452-0F3D-48F1-B460-D8D23C1AB72B}.Debug|Any CPU.ActiveCfg = Debug|Any CPU
		{7ADF2452-0F3D-48F1-B460-D8D23C1AB72B}.Debug|Any CPU.Build.0 = Debug|Any CPU
		{7ADF2452-0F3D-48F1-B460-D8D23C1AB72B}.Release|Any CPU.ActiveCfg = Release|Any CPU
		{7ADF2452-0F3D-48F1-B460-D8D23C1AB72B}.Release|Any CPU.Build.0 = Release|Any CPU
		{E4687353-560E-434B-92CD-C79563285C63}.Debug|Any CPU.ActiveCfg = Debug|Any CPU
		{E4687353-560E-434B-92CD-C79563285C63}.Debug|Any CPU.Build.0 = Debug|Any CPU
		{E4687353-560E-434B-92CD-C79563285C63}.Release|Any CPU.ActiveCfg = Release|Any CPU
		{E4687353-560E-434B-92CD-C79563285C63}.Release|Any CPU.Build.0 = Release|Any CPU
		{5D0E9322-21F8-4000-A799-1BADC6304EB1}.Debug|Any CPU.ActiveCfg = Debug|Any CPU
		{5D0E9322-21F8-4000-A799-1BADC6304EB1}.Debug|Any CPU.Build.0 = Debug|Any CPU
		{5D0E9322-21F8-4000-A799-1BADC6304EB1}.Release|Any CPU.ActiveCfg = Release|Any CPU
		{5D0E9322-21F8-4000-A799-1BADC6304EB1}.Release|Any CPU.Build.0 = Release|Any CPU
		{68B41440-587D-4A4A-801E-62898007B2C3}.Debug|Any CPU.ActiveCfg = Debug|Any CPU
		{68B41440-587D-4A4A-801E-62898007B2C3}.Debug|Any CPU.Build.0 = Debug|Any CPU
		{68B41440-587D-4A4A-801E-62898007B2C3}.Release|Any CPU.ActiveCfg = Release|Any CPU
		{68B41440-587D-4A4A-801E-62898007B2C3}.Release|Any CPU.Build.0 = Release|Any CPU
		{634F501C-2E02-4FBD-BAAC-10032866EC2B}.Debug|Any CPU.ActiveCfg = Debug|Any CPU
		{634F501C-2E02-4FBD-BAAC-10032866EC2B}.Debug|Any CPU.Build.0 = Debug|Any CPU
		{634F501C-2E02-4FBD-BAAC-10032866EC2B}.Release|Any CPU.ActiveCfg = Release|Any CPU
		{634F501C-2E02-4FBD-BAAC-10032866EC2B}.Release|Any CPU.Build.0 = Release|Any CPU
		{9567A4D3-E2AF-489A-8620-DFFD6A68672E}.Debug|Any CPU.ActiveCfg = Debug|Any CPU
		{9567A4D3-E2AF-489A-8620-DFFD6A68672E}.Debug|Any CPU.Build.0 = Debug|Any CPU
		{9567A4D3-E2AF-489A-8620-DFFD6A68672E}.Release|Any CPU.ActiveCfg = Release|Any CPU
		{9567A4D3-E2AF-489A-8620-DFFD6A68672E}.Release|Any CPU.Build.0 = Release|Any CPU
	EndGlobalSection
EndGlobal
